
Microsoft Visual Studio Solution File, Format Version 12.00
# Visual Studio Version 16
VisualStudioVersion = 16.0.32802.440
MinimumVisualStudioVersion = 10.0.40219.1
Project("{9A19103F-16F7-4668-BE54-9A1E7A4F7556}") = "RhinoCGAL", "RhinoCGAL\RhinoCGAL.csproj", "{FCDE937D-8816-4588-BFC4-87432EE16150}"
EndProject
Project("{8BC9CEB8-8B4A-11D0-8D11-00A0C91BC942}") = "CGAL.Native", "CGAL.Native\CGAL.Native.vcxproj", "{139E90BB-62DF-44D1-B372-60D905606ED5}"
EndProject
Project("{FAE04EC0-301F-11D3-BF4B-00C04F79EFBC}") = "CGAL.Wrapper", "CGAL.Wrapper\CGAL.Wrapper.csproj", "{8D68D636-0A27-49D8-AF9D-DA49180781DE}"
	ProjectSection(ProjectDependencies) = postProject
		{139E90BB-62DF-44D1-B372-60D905606ED5} = {139E90BB-62DF-44D1-B372-60D905606ED5}
	EndProjectSection
EndProject
Global
	GlobalSection(SolutionConfigurationPlatforms) = preSolution
		Debug|Any CPU = Debug|Any CPU
		Debug|x64 = Debug|x64
		Debug|x86 = Debug|x86
		Release|Any CPU = Release|Any CPU
		Release|x64 = Release|x64
		Release|x86 = Release|x86
	EndGlobalSection
	GlobalSection(ProjectConfigurationPlatforms) = postSolution
		{FCDE937D-8816-4588-BFC4-87432EE16150}.Debug|Any CPU.ActiveCfg = Debug|Any CPU
		{FCDE937D-8816-4588-BFC4-87432EE16150}.Debug|Any CPU.Build.0 = Debug|Any CPU
		{FCDE937D-8816-4588-BFC4-87432EE16150}.Debug|x64.ActiveCfg = Debug|Any CPU
		{FCDE937D-8816-4588-BFC4-87432EE16150}.Debug|x64.Build.0 = Debug|Any CPU
		{FCDE937D-8816-4588-BFC4-87432EE16150}.Debug|x86.ActiveCfg = Debug|Any CPU
		{FCDE937D-8816-4588-BFC4-87432EE16150}.Debug|x86.Build.0 = Debug|Any CPU
		{FCDE937D-8816-4588-BFC4-87432EE16150}.Release|Any CPU.ActiveCfg = Release|Any CPU
		{FCDE937D-8816-4588-BFC4-87432EE16150}.Release|Any CPU.Build.0 = Release|Any CPU
		{FCDE937D-8816-4588-BFC4-87432EE16150}.Release|x64.ActiveCfg = Release|Any CPU
		{FCDE937D-8816-4588-BFC4-87432EE16150}.Release|x64.Build.0 = Release|Any CPU
		{FCDE937D-8816-4588-BFC4-87432EE16150}.Release|x86.ActiveCfg = Release|Any CPU
		{FCDE937D-8816-4588-BFC4-87432EE16150}.Release|x86.Build.0 = Release|Any CPU
		{139E90BB-62DF-44D1-B372-60D905606ED5}.Debug|Any CPU.ActiveCfg = Debug|Win32
		{139E90BB-62DF-44D1-B372-60D905606ED5}.Debug|Any CPU.Build.0 = Debug|Win32
		{139E90BB-62DF-44D1-B372-60D905606ED5}.Debug|x64.ActiveCfg = Debug|x64
		{139E90BB-62DF-44D1-B372-60D905606ED5}.Debug|x64.Build.0 = Debug|x64
		{139E90BB-62DF-44D1-B372-60D905606ED5}.Debug|x86.ActiveCfg = Debug|Win32
		{139E90BB-62DF-44D1-B372-60D905606ED5}.Debug|x86.Build.0 = Debug|Win32
		{139E90BB-62DF-44D1-B372-60D905606ED5}.Release|Any CPU.ActiveCfg = Release|Win32
		{139E90BB-62DF-44D1-B372-60D905606ED5}.Release|x64.ActiveCfg = Release|x64
		{139E90BB-62DF-44D1-B372-60D905606ED5}.Release|x64.Build.0 = Release|x64
		{139E90BB-62DF-44D1-B372-60D905606ED5}.Release|x86.ActiveCfg = Release|Win32
		{139E90BB-62DF-44D1-B372-60D905606ED5}.Release|x86.Build.0 = Release|Win32
		{8D68D636-0A27-49D8-AF9D-DA49180781DE}.Debug|Any CPU.ActiveCfg = Debug|Any CPU
		{8D68D636-0A27-49D8-AF9D-DA49180781DE}.Debug|Any CPU.Build.0 = Debug|Any CPU
		{8D68D636-0A27-49D8-AF9D-DA49180781DE}.Debug|x64.ActiveCfg = Debug|Any CPU
		{8D68D636-0A27-49D8-AF9D-DA49180781DE}.Debug|x64.Build.0 = Debug|Any CPU
		{8D68D636-0A27-49D8-AF9D-DA49180781DE}.Debug|x86.ActiveCfg = Debug|Any CPU
		{8D68D636-0A27-49D8-AF9D-DA49180781DE}.Debug|x86.Build.0 = Debug|Any CPU
		{8D68D636-0A27-49D8-AF9D-DA49180781DE}.Release|Any CPU.ActiveCfg = Release|Any CPU
		{8D68D636-0A27-49D8-AF9D-DA49180781DE}.Release|Any CPU.Build.0 = Release|Any CPU
		{8D68D636-0A27-49D8-AF9D-DA49180781DE}.Release|x64.ActiveCfg = Release|Any CPU
		{8D68D636-0A27-49D8-AF9D-DA49180781DE}.Release|x64.Build.0 = Release|Any CPU
		{8D68D636-0A27-49D8-AF9D-DA49180781DE}.Release|x86.ActiveCfg = Release|Any CPU
		{8D68D636-0A27-49D8-AF9D-DA49180781DE}.Release|x86.Build.0 = Release|Any CPU
	EndGlobalSection
	GlobalSection(SolutionProperties) = preSolution
		HideSolutionNode = FALSE
	EndGlobalSection
	GlobalSection(ExtensibilityGlobals) = postSolution
		SolutionGuid = {F4888839-0BF8-45DA-8D86-C8B46C22868C}
	EndGlobalSection
EndGlobal
